
Microsoft Visual Studio Solution File, Format Version 12.00
# Visual Studio Version 17
VisualStudioVersion = 17.11.35327.3
MinimumVisualStudioVersion = 10.0.40219.1
Project("{FAE04EC0-301F-11D3-BF4B-00C04F79EFBC}") = "Assignment3_1_5", "Assignment3_1_5.csproj", "{DC69920A-EBF3-4E1B-8F81-447B509E308B}"
EndProject
Global
	GlobalSection(SolutionConfigurationPlatforms) = preSolution
		Debug|Any CPU = Debug|Any CPU
		Release|Any CPU = Release|Any CPU
	EndGlobalSection
	GlobalSection(ProjectConfigurationPlatforms) = postSolution
		{DC69920A-EBF3-4E1B-8F81-447B509E308B}.Debug|Any CPU.ActiveCfg = Debug|Any CPU
		{DC69920A-EBF3-4E1B-8F81-447B509E308B}.Debug|Any CPU.Build.0 = Debug|Any CPU
		{DC69920A-EBF3-4E1B-8F81-447B509E308B}.Release|Any CPU.ActiveCfg = Release|Any CPU
		{DC69920A-EBF3-4E1B-8F81-447B509E308B}.Release|Any CPU.Build.0 = Release|Any CPU
	EndGlobalSection
	GlobalSection(SolutionProperties) = preSolution
		HideSolutionNode = FALSE
	EndGlobalSection
	GlobalSection(ExtensibilityGlobals) = postSolution
		SolutionGuid = {EC5F24C8-CDF0-45EE-BF29-B88039F8B9B4}
	EndGlobalSection
EndGlobal
